
Microsoft Visual Studio Solution File, Format Version 12.00
# Visual Studio Version 17
VisualStudioVersion = 17.5.33530.505
MinimumVisualStudioVersion = 10.0.40219.1
Project("{FAE04EC0-301F-11D3-BF4B-00C04F79EFBC}") = "BaiTapHDT", "BaiTapHDT\BaiTapHDT.csproj", "{D9A2F43E-DC52-4AB1-8627-65B19A4FEA45}"
EndProject
Global
	GlobalSection(SolutionConfigurationPlatforms) = preSolution
		Debug|Any CPU = Debug|Any CPU
		Release|Any CPU = Release|Any CPU
	EndGlobalSection
	GlobalSection(ProjectConfigurationPlatforms) = postSolution
		{D9A2F43E-DC52-4AB1-8627-65B19A4FEA45}.Debug|Any CPU.ActiveCfg = Debug|Any CPU
		{D9A2F43E-DC52-4AB1-8627-65B19A4FEA45}.Debug|Any CPU.Build.0 = Debug|Any CPU
		{D9A2F43E-DC52-4AB1-8627-65B19A4FEA45}.Release|Any CPU.ActiveCfg = Release|Any CPU
		{D9A2F43E-DC52-4AB1-8627-65B19A4FEA45}.Release|Any CPU.Build.0 = Release|Any CPU
	EndGlobalSection
	GlobalSection(SolutionProperties) = preSolution
		HideSolutionNode = FALSE
	EndGlobalSection
	GlobalSection(ExtensibilityGlobals) = postSolution
		SolutionGuid = {6A390929-FFE1-4D54-8DB1-ABB1A69D9F9F}
	EndGlobalSection
EndGlobal
