
Microsoft Visual Studio Solution File, Format Version 12.00
# Visual Studio Version 17
VisualStudioVersion = 17.5.33530.505
MinimumVisualStudioVersion = 10.0.40219.1
Project("{FAE04EC0-301F-11D3-BF4B-00C04F79EFBC}") = "SapXepNhanh(QuickSort)", "SapXepNhanh(QuickSort)\SapXepNhanh(QuickSort).csproj", "{53961BD7-1EA5-4AB1-BE95-B7763BD3E797}"
EndProject
Global
	GlobalSection(SolutionConfigurationPlatforms) = preSolution
		Debug|Any CPU = Debug|Any CPU
		Release|Any CPU = Release|Any CPU
	EndGlobalSection
	GlobalSection(ProjectConfigurationPlatforms) = postSolution
		{53961BD7-1EA5-4AB1-BE95-B7763BD3E797}.Debug|Any CPU.ActiveCfg = Debug|Any CPU
		{53961BD7-1EA5-4AB1-BE95-B7763BD3E797}.Debug|Any CPU.Build.0 = Debug|Any CPU
		{53961BD7-1EA5-4AB1-BE95-B7763BD3E797}.Release|Any CPU.ActiveCfg = Release|Any CPU
		{53961BD7-1EA5-4AB1-BE95-B7763BD3E797}.Release|Any CPU.Build.0 = Release|Any CPU
	EndGlobalSection
	GlobalSection(SolutionProperties) = preSolution
		HideSolutionNode = FALSE
	EndGlobalSection
	GlobalSection(ExtensibilityGlobals) = postSolution
		SolutionGuid = {5C40A604-BD6D-4505-BA61-F0AC63D7B4ED}
	EndGlobalSection
EndGlobal
