
Microsoft Visual Studio Solution File, Format Version 12.00
# Visual Studio Version 16
VisualStudioVersion = 16.0.32901.82
MinimumVisualStudioVersion = 10.0.40219.1
Project("{FAE04EC0-301F-11D3-BF4B-00C04F79EFBC}") = "SapxepChon", "SapxepChon\SapxepChon.csproj", "{F93F94AC-CA9E-43CD-8946-BC8590B8A1B9}"
EndProject
Global
	GlobalSection(SolutionConfigurationPlatforms) = preSolution
		Debug|Any CPU = Debug|Any CPU
		Release|Any CPU = Release|Any CPU
	EndGlobalSection
	GlobalSection(ProjectConfigurationPlatforms) = postSolution
		{F93F94AC-CA9E-43CD-8946-BC8590B8A1B9}.Debug|Any CPU.ActiveCfg = Debug|Any CPU
		{F93F94AC-CA9E-43CD-8946-BC8590B8A1B9}.Debug|Any CPU.Build.0 = Debug|Any CPU
		{F93F94AC-CA9E-43CD-8946-BC8590B8A1B9}.Release|Any CPU.ActiveCfg = Release|Any CPU
		{F93F94AC-CA9E-43CD-8946-BC8590B8A1B9}.Release|Any CPU.Build.0 = Release|Any CPU
	EndGlobalSection
	GlobalSection(SolutionProperties) = preSolution
		HideSolutionNode = FALSE
	EndGlobalSection
	GlobalSection(ExtensibilityGlobals) = postSolution
		SolutionGuid = {A9F91522-16A5-4471-9446-74C7EA8E84A4}
	EndGlobalSection
EndGlobal
