
Microsoft Visual Studio Solution File, Format Version 12.00
# Visual Studio Version 16
VisualStudioVersion = 16.0.32901.82
MinimumVisualStudioVersion = 10.0.40219.1
Project("{FAE04EC0-301F-11D3-BF4B-00C04F79EFBC}") = "SapxepNoibot", "SapxepNoibot\SapxepNoibot.csproj", "{69425CFC-90B8-4F8E-A4CE-CC6C62B32281}"
EndProject
Global
	GlobalSection(SolutionConfigurationPlatforms) = preSolution
		Debug|Any CPU = Debug|Any CPU
		Release|Any CPU = Release|Any CPU
	EndGlobalSection
	GlobalSection(ProjectConfigurationPlatforms) = postSolution
		{69425CFC-90B8-4F8E-A4CE-CC6C62B32281}.Debug|Any CPU.ActiveCfg = Debug|Any CPU
		{69425CFC-90B8-4F8E-A4CE-CC6C62B32281}.Debug|Any CPU.Build.0 = Debug|Any CPU
		{69425CFC-90B8-4F8E-A4CE-CC6C62B32281}.Release|Any CPU.ActiveCfg = Release|Any CPU
		{69425CFC-90B8-4F8E-A4CE-CC6C62B32281}.Release|Any CPU.Build.0 = Release|Any CPU
	EndGlobalSection
	GlobalSection(SolutionProperties) = preSolution
		HideSolutionNode = FALSE
	EndGlobalSection
	GlobalSection(ExtensibilityGlobals) = postSolution
		SolutionGuid = {2FC3EF65-527A-4CDD-A1CB-02BFB058A4B2}
	EndGlobalSection
EndGlobal
