
Microsoft Visual Studio Solution File, Format Version 12.00
# Visual Studio Version 16
VisualStudioVersion = 16.0.32901.82
MinimumVisualStudioVersion = 10.0.40219.1
Project("{FAE04EC0-301F-11D3-BF4B-00C04F79EFBC}") = "on1", "on1\on1.csproj", "{1704FEB1-DE5B-4293-A621-0F19FA567288}"
EndProject
Global
	GlobalSection(SolutionConfigurationPlatforms) = preSolution
		Debug|Any CPU = Debug|Any CPU
		Release|Any CPU = Release|Any CPU
	EndGlobalSection
	GlobalSection(ProjectConfigurationPlatforms) = postSolution
		{1704FEB1-DE5B-4293-A621-0F19FA567288}.Debug|Any CPU.ActiveCfg = Debug|Any CPU
		{1704FEB1-DE5B-4293-A621-0F19FA567288}.Debug|Any CPU.Build.0 = Debug|Any CPU
		{1704FEB1-DE5B-4293-A621-0F19FA567288}.Release|Any CPU.ActiveCfg = Release|Any CPU
		{1704FEB1-DE5B-4293-A621-0F19FA567288}.Release|Any CPU.Build.0 = Release|Any CPU
	EndGlobalSection
	GlobalSection(SolutionProperties) = preSolution
		HideSolutionNode = FALSE
	EndGlobalSection
	GlobalSection(ExtensibilityGlobals) = postSolution
		SolutionGuid = {EB2E0E18-B4D0-4CBD-9C05-30129E0C28D5}
	EndGlobalSection
EndGlobal
