
Microsoft Visual Studio Solution File, Format Version 12.00
# Visual Studio Version 16
VisualStudioVersion = 16.0.31402.337
MinimumVisualStudioVersion = 10.0.40219.1
Project("{FAE04EC0-301F-11D3-BF4B-00C04F79EFBC}") = "Bai1", "Bai1\Bai1.csproj", "{7715B568-A2BD-4605-8253-A9BCD90D3B15}"
EndProject
Project("{FAE04EC0-301F-11D3-BF4B-00C04F79EFBC}") = "Bai2", "Bai2\Bai2.csproj", "{23F0B7BF-0BE7-4430-B0B8-78EA69049334}"
EndProject
Global
	GlobalSection(SolutionConfigurationPlatforms) = preSolution
		Debug|Any CPU = Debug|Any CPU
		Release|Any CPU = Release|Any CPU
	EndGlobalSection
	GlobalSection(ProjectConfigurationPlatforms) = postSolution
		{7715B568-A2BD-4605-8253-A9BCD90D3B15}.Debug|Any CPU.ActiveCfg = Debug|Any CPU
		{7715B568-A2BD-4605-8253-A9BCD90D3B15}.Debug|Any CPU.Build.0 = Debug|Any CPU
		{7715B568-A2BD-4605-8253-A9BCD90D3B15}.Release|Any CPU.ActiveCfg = Release|Any CPU
		{7715B568-A2BD-4605-8253-A9BCD90D3B15}.Release|Any CPU.Build.0 = Release|Any CPU
		{23F0B7BF-0BE7-4430-B0B8-78EA69049334}.Debug|Any CPU.ActiveCfg = Debug|Any CPU
		{23F0B7BF-0BE7-4430-B0B8-78EA69049334}.Debug|Any CPU.Build.0 = Debug|Any CPU
		{23F0B7BF-0BE7-4430-B0B8-78EA69049334}.Release|Any CPU.ActiveCfg = Release|Any CPU
		{23F0B7BF-0BE7-4430-B0B8-78EA69049334}.Release|Any CPU.Build.0 = Release|Any CPU
	EndGlobalSection
	GlobalSection(SolutionProperties) = preSolution
		HideSolutionNode = FALSE
	EndGlobalSection
	GlobalSection(ExtensibilityGlobals) = postSolution
		SolutionGuid = {4C3C773A-67F0-4FD9-BBED-8F0A28458AC7}
	EndGlobalSection
EndGlobal
