
Microsoft Visual Studio Solution File, Format Version 12.00
# Visual Studio Version 16
VisualStudioVersion = 16.0.32901.82
MinimumVisualStudioVersion = 10.0.40219.1
Project("{FAE04EC0-301F-11D3-BF4B-00C04F79EFBC}") = "Tuan 3.3003", "Tuan 3.3003\Tuan 3.3003.csproj", "{96704FB1-C663-4B25-8521-2FDAE70AD408}"
EndProject
Global
	GlobalSection(SolutionConfigurationPlatforms) = preSolution
		Debug|Any CPU = Debug|Any CPU
		Release|Any CPU = Release|Any CPU
	EndGlobalSection
	GlobalSection(ProjectConfigurationPlatforms) = postSolution
		{96704FB1-C663-4B25-8521-2FDAE70AD408}.Debug|Any CPU.ActiveCfg = Debug|Any CPU
		{96704FB1-C663-4B25-8521-2FDAE70AD408}.Debug|Any CPU.Build.0 = Debug|Any CPU
		{96704FB1-C663-4B25-8521-2FDAE70AD408}.Release|Any CPU.ActiveCfg = Release|Any CPU
		{96704FB1-C663-4B25-8521-2FDAE70AD408}.Release|Any CPU.Build.0 = Release|Any CPU
	EndGlobalSection
	GlobalSection(SolutionProperties) = preSolution
		HideSolutionNode = FALSE
	EndGlobalSection
	GlobalSection(ExtensibilityGlobals) = postSolution
		SolutionGuid = {19148DF8-AE44-4169-AB9E-E9D57093FC3F}
	EndGlobalSection
EndGlobal
